// !$*UTF8*$!
{
	archiveVersion = 1;
	classes = {
	};
	objectVersion = 46;
	objects = {

/* Begin PBXBuildFile section */
		69E9890C188E01B0000D0C0C /* Foundation.framework in Frameworks */ = {isa = PBXBuildFile; fileRef = 69E9890B188E01B0000D0C0C /* Foundation.framework */; };
		69E9890E188E01B0000D0C0C /* CoreGraphics.framework in Frameworks */ = {isa = PBXBuildFile; fileRef = 69E9890D188E01B0000D0C0C /* CoreGraphics.framework */; };
		69E98910188E01B0000D0C0C /* UIKit.framework in Frameworks */ = {isa = PBXBuildFile; fileRef = 69E9890F188E01B0000D0C0C /* UIKit.framework */; };
		69E98916188E01B0000D0C0C /* InfoPlist.strings in Resources */ = {isa = PBXBuildFile; fileRef = 69E98914188E01B0000D0C0C /* InfoPlist.strings */; };
		69E98918188E01B0000D0C0C /* main.m in Sources */ = {isa = PBXBuildFile; fileRef = 69E98917188E01B0000D0C0C /* main.m */; };
		69E9891C188E01B0000D0C0C /* JKAppDelegate.m in Sources */ = {isa = PBXBuildFile; fileRef = 69E9891B188E01B0000D0C0C /* JKAppDelegate.m */; };
		69E9891F188E01B0000D0C0C /* Main_iPhone.storyboard in Resources */ = {isa = PBXBuildFile; fileRef = 69E9891D188E01B0000D0C0C /* Main_iPhone.storyboard */; };
		69E98922188E01B0000D0C0C /* Main_iPad.storyboard in Resources */ = {isa = PBXBuildFile; fileRef = 69E98920188E01B0000D0C0C /* Main_iPad.storyboard */; };
		69E98925188E01B0000D0C0C /* JKViewController.m in Sources */ = {isa = PBXBuildFile; fileRef = 69E98924188E01B0000D0C0C /* JKViewController.m */; };
		69E98927188E01B0000D0C0C /* Images.xcassets in Resources */ = {isa = PBXBuildFile; fileRef = 69E98926188E01B0000D0C0C /* Images.xcassets */; };
		69E9892E188E01B0000D0C0C /* XCTest.framework in Frameworks */ = {isa = PBXBuildFile; fileRef = 69E9892D188E01B0000D0C0C /* XCTest.framework */; };
		69E9892F188E01B0000D0C0C /* Foundation.framework in Frameworks */ = {isa = PBXBuildFile; fileRef = 69E9890B188E01B0000D0C0C /* Foundation.framework */; };
		69E98930188E01B0000D0C0C /* UIKit.framework in Frameworks */ = {isa = PBXBuildFile; fileRef = 69E9890F188E01B0000D0C0C /* UIKit.framework */; };
		69E98938188E01B0000D0C0C /* InfoPlist.strings in Resources */ = {isa = PBXBuildFile; fileRef = 69E98936188E01B0000D0C0C /* InfoPlist.strings */; };
		69E9893A188E01B0000D0C0C /* JKNavigationBarDemoTests.m in Sources */ = {isa = PBXBuildFile; fileRef = 69E98939188E01B0000D0C0C /* JKNavigationBarDemoTests.m */; };
/* End PBXBuildFile section */

/* Begin PBXContainerItemProxy section */
		69E98931188E01B0000D0C0C /* PBXContainerItemProxy */ = {
			isa = PBXContainerItemProxy;
			containerPortal = 69E98900188E01B0000D0C0C /* Project object */;
			proxyType = 1;
			remoteGlobalIDString = 69E98907188E01B0000D0C0C;
			remoteInfo = JKNavigationBarDemo;
		};
/* End PBXContainerItemProxy section */

/* Begin PBXFileReference section */
		69E98908188E01B0000D0C0C /* JKNavigationBarDemo.app */ = {isa = PBXFileReference; explicitFileType = wrapper.application; includeInIndex = 0; path = JKNavigationBarDemo.app; sourceTree = BUILT_PRODUCTS_DIR; };
		69E9890B188E01B0000D0C0C /* Foundation.framework */ = {isa = PBXFileReference; lastKnownFileType = wrapper.framework; name = Foundation.framework; path = System/Library/Frameworks/Foundation.framework; sourceTree = SDKROOT; };
		69E9890D188E01B0000D0C0C /* CoreGraphics.framework */ = {isa = PBXFileReference; lastKnownFileType = wrapper.framework; name = CoreGraphics.framework; path = System/Library/Frameworks/CoreGraphics.framework; sourceTree = SDKROOT; };
		69E9890F188E01B0000D0C0C /* UIKit.framework */ = {isa = PBXFileReference; lastKnownFileType = wrapper.framework; name = UIKit.framework; path = System/Library/Frameworks/UIKit.framework; sourceTree = SDKROOT; };
		69E98913188E01B0000D0C0C /* JKNavigationBarDemo-Info.plist */ = {isa = PBXFileReference; lastKnownFileType = text.plist.xml; path = "JKNavigationBarDemo-Info.plist"; sourceTree = "<group>"; };
		69E98915188E01B0000D0C0C /* en */ = {isa = PBXFileReference; lastKnownFileType = text.plist.strings; name = en; path = en.lproj/InfoPlist.strings; sourceTree = "<group>"; };
		69E98917188E01B0000D0C0C /* main.m */ = {isa = PBXFileReference; lastKnownFileType = sourcecode.c.objc; path = main.m; sourceTree = "<group>"; };
		69E98919188E01B0000D0C0C /* JKNavigationBarDemo-Prefix.pch */ = {isa = PBXFileReference; lastKnownFileType = sourcecode.c.h; path = "JKNavigationBarDemo-Prefix.pch"; sourceTree = "<group>"; };
		69E9891A188E01B0000D0C0C /* JKAppDelegate.h */ = {isa = PBXFileReference; lastKnownFileType = sourcecode.c.h; path = JKAppDelegate.h; sourceTree = "<group>"; };
		69E9891B188E01B0000D0C0C /* JKAppDelegate.m */ = {isa = PBXFileReference; lastKnownFileType = sourcecode.c.objc; path = JKAppDelegate.m; sourceTree = "<group>"; };
		69E9891E188E01B0000D0C0C /* Base */ = {isa = PBXFileReference; lastKnownFileType = file.storyboard; name = Base; path = Base.lproj/Main_iPhone.storyboard; sourceTree = "<group>"; };
		69E98921188E01B0000D0C0C /* Base */ = {isa = PBXFileReference; lastKnownFileType = file.storyboard; name = Base; path = Base.lproj/Main_iPad.storyboard; sourceTree = "<group>"; };
		69E98923188E01B0000D0C0C /* JKViewController.h */ = {isa = PBXFileReference; lastKnownFileType = sourcecode.c.h; path = JKViewController.h; sourceTree = "<group>"; };
		69E98924188E01B0000D0C0C /* JKViewController.m */ = {isa = PBXFileReference; lastKnownFileType = sourcecode.c.objc; path = JKViewController.m; sourceTree = "<group>"; };
		69E98926188E01B0000D0C0C /* Images.xcassets */ = {isa = PBXFileReference; lastKnownFileType = folder.assetcatalog; path = Images.xcassets; sourceTree = "<group>"; };
		69E9892C188E01B0000D0C0C /* JKNavigationBarDemoTests.xctest */ = {isa = PBXFileReference; explicitFileType = wrapper.cfbundle; includeInIndex = 0; path = JKNavigationBarDemoTests.xctest; sourceTree = BUILT_PRODUCTS_DIR; };
		69E9892D188E01B0000D0C0C /* XCTest.framework */ = {isa = PBXFileReference; lastKnownFileType = wrapper.framework; name = XCTest.framework; path = Library/Frameworks/XCTest.framework; sourceTree = DEVELOPER_DIR; };
		69E98935188E01B0000D0C0C /* JKNavigationBarDemoTests-Info.plist */ = {isa = PBXFileReference; lastKnownFileType = text.plist.xml; path = "JKNavigationBarDemoTests-Info.plist"; sourceTree = "<group>"; };
		69E98937188E01B0000D0C0C /* en */ = {isa = PBXFileReference; lastKnownFileType = text.plist.strings; name = en; path = en.lproj/InfoPlist.strings; sourceTree = "<group>"; };
		69E98939188E01B0000D0C0C /* JKNavigationBarDemoTests.m */ = {isa = PBXFileReference; lastKnownFileType = sourcecode.c.objc; path = JKNavigationBarDemoTests.m; sourceTree = "<group>"; };
/* End PBXFileReference section */

/* Begin PBXFrameworksBuildPhase section */
		69E98905188E01B0000D0C0C /* Frameworks */ = {
			isa = PBXFrameworksBuildPhase;
			buildActionMask = 2147483647;
			files = (
				69E9890E188E01B0000D0C0C /* CoreGraphics.framework in Frameworks */,
				69E98910188E01B0000D0C0C /* UIKit.framework in Frameworks */,
				69E9890C188E01B0000D0C0C /* Foundation.framework in Frameworks */,
			);
			runOnlyForDeploymentPostprocessing = 0;
		};
		69E98929188E01B0000D0C0C /* Frameworks */ = {
			isa = PBXFrameworksBuildPhase;
			buildActionMask = 2147483647;
			files = (
				69E9892E188E01B0000D0C0C /* XCTest.framework in Frameworks */,
				69E98930188E01B0000D0C0C /* UIKit.framework in Frameworks */,
				69E9892F188E01B0000D0C0C /* Foundation.framework in Frameworks */,
			);
			runOnlyForDeploymentPostprocessing = 0;
		};
/* End PBXFrameworksBuildPhase section */

/* Begin PBXGroup section */
		69E988FF188E01B0000D0C0C = {
			isa = PBXGroup;
			children = (
				69E98911188E01B0000D0C0C /* JKNavigationBarDemo */,
				69E98933188E01B0000D0C0C /* JKNavigationBarDemoTests */,
				69E9890A188E01B0000D0C0C /* Frameworks */,
				69E98909188E01B0000D0C0C /* Products */,
			);
			sourceTree = "<group>";
		};
		69E98909188E01B0000D0C0C /* Products */ = {
			isa = PBXGroup;
			children = (
				69E98908188E01B0000D0C0C /* JKNavigationBarDemo.app */,
				69E9892C188E01B0000D0C0C /* JKNavigationBarDemoTests.xctest */,
			);
			name = Products;
			sourceTree = "<group>";
		};
		69E9890A188E01B0000D0C0C /* Frameworks */ = {
			isa = PBXGroup;
			children = (
				69E9890B188E01B0000D0C0C /* Foundation.framework */,
				69E9890D188E01B0000D0C0C /* CoreGraphics.framework */,
				69E9890F188E01B0000D0C0C /* UIKit.framework */,
				69E9892D188E01B0000D0C0C /* XCTest.framework */,
			);
			name = Frameworks;
			sourceTree = "<group>";
		};
		69E98911188E01B0000D0C0C /* JKNavigationBarDemo */ = {
			isa = PBXGroup;
			children = (
				69E9891A188E01B0000D0C0C /* JKAppDelegate.h */,
				69E9891B188E01B0000D0C0C /* JKAppDelegate.m */,
				69E9891D188E01B0000D0C0C /* Main_iPhone.storyboard */,
				69E98920188E01B0000D0C0C /* Main_iPad.storyboard */,
				69E98923188E01B0000D0C0C /* JKViewController.h */,
				69E98924188E01B0000D0C0C /* JKViewController.m */,
				69E98926188E01B0000D0C0C /* Images.xcassets */,
				69E98912188E01B0000D0C0C /* Supporting Files */,
			);
			path = JKNavigationBarDemo;
			sourceTree = "<group>";
		};
		69E98912188E01B0000D0C0C /* Supporting Files */ = {
			isa = PBXGroup;
			children = (
				69E98913188E01B0000D0C0C /* JKNavigationBarDemo-Info.plist */,
				69E98914188E01B0000D0C0C /* InfoPlist.strings */,
				69E98917188E01B0000D0C0C /* main.m */,
				69E98919188E01B0000D0C0C /* JKNavigationBarDemo-Prefix.pch */,
			);
			name = "Supporting Files";
			sourceTree = "<group>";
		};
		69E98933188E01B0000D0C0C /* JKNavigationBarDemoTests */ = {
			isa = PBXGroup;
			children = (
				69E98939188E01B0000D0C0C /* JKNavigationBarDemoTests.m */,
				69E98934188E01B0000D0C0C /* Supporting Files */,
			);
			path = JKNavigationBarDemoTests;
			sourceTree = "<group>";
		};
		69E98934188E01B0000D0C0C /* Supporting Files */ = {
			isa = PBXGroup;
			children = (
				69E98935188E01B0000D0C0C /* JKNavigationBarDemoTests-Info.plist */,
				69E98936188E01B0000D0C0C /* InfoPlist.strings */,
			);
			name = "Supporting Files";
			sourceTree = "<group>";
		};
/* End PBXGroup section */

/* Begin PBXNativeTarget section */
		69E98907188E01B0000D0C0C /* JKNavigationBarDemo */ = {
			isa = PBXNativeTarget;
			buildConfigurationList = 69E9893D188E01B0000D0C0C /* Build configuration list for PBXNativeTarget "JKNavigationBarDemo" */;
			buildPhases = (
				69E98904188E01B0000D0C0C /* Sources */,
				69E98905188E01B0000D0C0C /* Frameworks */,
				69E98906188E01B0000D0C0C /* Resources */,
			);
			buildRules = (
			);
			dependencies = (
			);
			name = JKNavigationBarDemo;
			productName = JKNavigationBarDemo;
			productReference = 69E98908188E01B0000D0C0C /* JKNavigationBarDemo.app */;
			productType = "com.apple.product-type.application";
		};
		69E9892B188E01B0000D0C0C /* JKNavigationBarDemoTests */ = {
			isa = PBXNativeTarget;
			buildConfigurationList = 69E98940188E01B0000D0C0C /* Build configuration list for PBXNativeTarget "JKNavigationBarDemoTests" */;
			buildPhases = (
				69E98928188E01B0000D0C0C /* Sources */,
				69E98929188E01B0000D0C0C /* Frameworks */,
				69E9892A188E01B0000D0C0C /* Resources */,
			);
			buildRules = (
			);
			dependencies = (
				69E98932188E01B0000D0C0C /* PBXTargetDependency */,
			);
			name = JKNavigationBarDemoTests;
			productName = JKNavigationBarDemoTests;
			productReference = 69E9892C188E01B0000D0C0C /* JKNavigationBarDemoTests.xctest */;
			productType = "com.apple.product-type.bundle.unit-test";
		};
/* End PBXNativeTarget section */

/* Begin PBXProject section */
		69E98900188E01B0000D0C0C /* Project object */ = {
			isa = PBXProject;
			attributes = {
				CLASSPREFIX = JK;
				LastUpgradeCheck = 0500;
				ORGANIZATIONNAME = jkorp;
				TargetAttributes = {
					69E9892B188E01B0000D0C0C = {
						TestTargetID = 69E98907188E01B0000D0C0C;
					};
				};
			};
			buildConfigurationList = 69E98903188E01B0000D0C0C /* Build configuration list for PBXProject "JKNavigationBarDemo" */;
			compatibilityVersion = "Xcode 3.2";
			developmentRegion = English;
			hasScannedForEncodings = 0;
			knownRegions = (
				en,
				Base,
			);
			mainGroup = 69E988FF188E01B0000D0C0C;
			productRefGroup = 69E98909188E01B0000D0C0C /* Products */;
			projectDirPath = "";
			projectRoot = "";
			targets = (
				69E98907188E01B0000D0C0C /* JKNavigationBarDemo */,
				69E9892B188E01B0000D0C0C /* JKNavigationBarDemoTests */,
			);
		};
/* End PBXProject section */

/* Begin PBXResourcesBuildPhase section */
		69E98906188E01B0000D0C0C /* Resources */ = {
			isa = PBXResourcesBuildPhase;
			buildActionMask = 2147483647;
			files = (
				69E98922188E01B0000D0C0C /* Main_iPad.storyboard in Resources */,
				69E98927188E01B0000D0C0C /* Images.xcassets in Resources */,
				69E9891F188E01B0000D0C0C /* Main_iPhone.storyboard in Resources */,
				69E98916188E01B0000D0C0C /* InfoPlist.strings in Resources */,
			);
			runOnlyForDeploymentPostprocessing = 0;
		};
		69E9892A188E01B0000D0C0C /* Resources */ = {
			isa = PBXResourcesBuildPhase;
			buildActionMask = 2147483647;
			files = (
				69E98938188E01B0000D0C0C /* InfoPlist.strings in Resources */,
			);
			runOnlyForDeploymentPostprocessing = 0;
		};
/* End PBXResourcesBuildPhase section */

/* Begin PBXSourcesBuildPhase section */
		69E98904188E01B0000D0C0C /* Sources */ = {
			isa = PBXSourcesBuildPhase;
			buildActionMask = 2147483647;
			files = (
				69E98918188E01B0000D0C0C /* main.m in Sources */,
				69E98925188E01B0000D0C0C /* JKViewController.m in Sources */,
				69E9891C188E01B0000D0C0C /* JKAppDelegate.m in Sources */,
			);
			runOnlyForDeploymentPostprocessing = 0;
		};
		69E98928188E01B0000D0C0C /* Sources */ = {
			isa = PBXSourcesBuildPhase;
			buildActionMask = 2147483647;
			files = (
				69E9893A188E01B0000D0C0C /* JKNavigationBarDemoTests.m in Sources */,
			);
			runOnlyForDeploymentPostprocessing = 0;
		};
/* End PBXSourcesBuildPhase section */

/* Begin PBXTargetDependency section */
		69E98932188E01B0000D0C0C /* PBXTargetDependency */ = {
			isa = PBXTargetDependency;
			target = 69E98907188E01B0000D0C0C /* JKNavigationBarDemo */;
			targetProxy = 69E98931188E01B0000D0C0C /* PBXContainerItemProxy */;
		};
/* End PBXTargetDependency section */

/* Begin PBXVariantGroup section */
		69E98914188E01B0000D0C0C /* InfoPlist.strings */ = {
			isa = PBXVariantGroup;
			children = (
				69E98915188E01B0000D0C0C /* en */,
			);
			name = InfoPlist.strings;
			sourceTree = "<group>";
		};
		69E9891D188E01B0000D0C0C /* Main_iPhone.storyboard */ = {
			isa = PBXVariantGroup;
			children = (
				69E9891E188E01B0000D0C0C /* Base */,
			);
			name = Main_iPhone.storyboard;
			sourceTree = "<group>";
		};
		69E98920188E01B0000D0C0C /* Main_iPad.storyboard */ = {
			isa = PBXVariantGroup;
			children = (
				69E98921188E01B0000D0C0C /* Base */,
			);
			name = Main_iPad.storyboard;
			sourceTree = "<group>";
		};
		69E98936188E01B0000D0C0C /* InfoPlist.strings */ = {
			isa = PBXVariantGroup;
			children = (
				69E98937188E01B0000D0C0C /* en */,
			);
			name = InfoPlist.strings;
			sourceTree = "<group>";
		};
/* End PBXVariantGroup section */

/* Begin XCBuildConfiguration section */
		69E9893B188E01B0000D0C0C /* Debug */ = {
			isa = XCBuildConfiguration;
			buildSettings = {
				ALWAYS_SEARCH_USER_PATHS = NO;
				ARCHS = "$(ARCHS_STANDARD_INCLUDING_64_BIT)";
				CLANG_CXX_LANGUAGE_STANDARD = "gnu++0x";
				CLANG_CXX_LIBRARY = "libc++";
				CLANG_ENABLE_MODULES = YES;
				CLANG_ENABLE_OBJC_ARC = YES;
				CLANG_WARN_BOOL_CONVERSION = YES;
				CLANG_WARN_CONSTANT_CONVERSION = YES;
				CLANG_WARN_DIRECT_OBJC_ISA_USAGE = YES_ERROR;
				CLANG_WARN_EMPTY_BODY = YES;
				CLANG_WARN_ENUM_CONVERSION = YES;
				CLANG_WARN_INT_CONVERSION = YES;
				CLANG_WARN_OBJC_ROOT_CLASS = YES_ERROR;
				CLANG_WARN__DUPLICATE_METHOD_MATCH = YES;
				"CODE_SIGN_IDENTITY[sdk=iphoneos*]" = "iPhone Developer";
				COPY_PHASE_STRIP = NO;
				GCC_C_LANGUAGE_STANDARD = gnu99;
				GCC_DYNAMIC_NO_PIC = NO;
				GCC_OPTIMIZATION_LEVEL = 0;
				GCC_PREPROCESSOR_DEFINITIONS = (
					"DEBUG=1",
					"$(inherited)",
				);
				GCC_SYMBOLS_PRIVATE_EXTERN = NO;
				GCC_WARN_64_TO_32_BIT_CONVERSION = YES;
				GCC_WARN_ABOUT_RETURN_TYPE = YES_ERROR;
				GCC_WARN_UNDECLARED_SELECTOR = YES;
				GCC_WARN_UNINITIALIZED_AUTOS = YES;
				GCC_WARN_UNUSED_FUNCTION = YES;
				GCC_WARN_UNUSED_VARIABLE = YES;
				IPHONEOS_DEPLOYMENT_TARGET = 7.0;
				ONLY_ACTIVE_ARCH = YES;
				SDKROOT = iphoneos;
				TARGETED_DEVICE_FAMILY = "1,2";
			};
			name = Debug;
		};
		69E9893C188E01B0000D0C0C /* Release */ = {
			isa = XCBuildConfiguration;
			buildSettings = {
				ALWAYS_SEARCH_USER_PATHS = NO;
				ARCHS = "$(ARCHS_STANDARD_INCLUDING_64_BIT)";
				CLANG_CXX_LANGUAGE_STANDARD = "gnu++0x";
				CLANG_CXX_LIBRARY = "libc++";
				CLANG_ENABLE_MODULES = YES;
				CLANG_ENABLE_OBJC_ARC = YES;
				CLANG_WARN_BOOL_CONVERSION = YES;
				CLANG_WARN_CONSTANT_CONVERSION = YES;
				CLANG_WARN_DIRECT_OBJC_ISA_USAGE = YES_ERROR;
				CLANG_WARN_EMPTY_BODY = YES;
				CLANG_WARN_ENUM_CONVERSION = YES;
				CLANG_WARN_INT_CONVERSION = YES;
				CLANG_WARN_OBJC_ROOT_CLASS = YES_ERROR;
				CLANG_WARN__DUPLICATE_METHOD_MATCH = YES;
				"CODE_SIGN_IDENTITY[sdk=iphoneos*]" = "iPhone Developer";
				COPY_PHASE_STRIP = YES;
				ENABLE_NS_ASSERTIONS = NO;
				GCC_C_LANGUAGE_STANDARD = gnu99;
				GCC_WARN_64_TO_32_BIT_CONVERSION = YES;
				GCC_WARN_ABOUT_RETURN_TYPE = YES_ERROR;
				GCC_WARN_UNDECLARED_SELECTOR = YES;
				GCC_WARN_UNINITIALIZED_AUTOS = YES;
				GCC_WARN_UNUSED_FUNCTION = YES;
				GCC_WARN_UNUSED_VARIABLE = YES;
				IPHONEOS_DEPLOYMENT_TARGET = 7.0;
				SDKROOT = iphoneos;
				TARGETED_DEVICE_FAMILY = "1,2";
				VALIDATE_PRODUCT = YES;
			};
			name = Release;
		};
		69E9893E188E01B0000D0C0C /* Debug */ = {
			isa = XCBuildConfiguration;
			buildSettings = {
				ASSETCATALOG_COMPILER_APPICON_NAME = AppIcon;
				ASSETCATALOG_COMPILER_LAUNCHIMAGE_NAME = LaunchImage;
				GCC_PRECOMPILE_PREFIX_HEADER = YES;
				GCC_PREFIX_HEADER = "JKNavigationBarDemo/JKNavigationBarDemo-Prefix.pch";
				INFOPLIST_FILE = "JKNavigationBarDemo/JKNavigationBarDemo-Info.plist";
				PRODUCT_NAME = "$(TARGET_NAME)";
				WRAPPER_EXTENSION = app;
			};
			name = Debug;
		};
		69E9893F188E01B0000D0C0C /* Release */ = {
			isa = XCBuildConfiguration;
			buildSettings = {
				ASSETCATALOG_COMPILER_APPICON_NAME = AppIcon;
				ASSETCATALOG_COMPILER_LAUNCHIMAGE_NAME = LaunchImage;
				GCC_PRECOMPILE_PREFIX_HEADER = YES;
				GCC_PREFIX_HEADER = "JKNavigationBarDemo/JKNavigationBarDemo-Prefix.pch";
				INFOPLIST_FILE = "JKNavigationBarDemo/JKNavigationBarDemo-Info.plist";
				PRODUCT_NAME = "$(TARGET_NAME)";
				WRAPPER_EXTENSION = app;
			};
			name = Release;
		};
		69E98941188E01B0000D0C0C /* Debug */ = {
			isa = XCBuildConfiguration;
			buildSettings = {
				ARCHS = "$(ARCHS_STANDARD_INCLUDING_64_BIT)";
				BUNDLE_LOADER = "$(BUILT_PRODUCTS_DIR)/JKNavigationBarDemo.app/JKNavigationBarDemo";
				FRAMEWORK_SEARCH_PATHS = (
					"$(SDKROOT)/Developer/Library/Frameworks",
					"$(inherited)",
					"$(DEVELOPER_FRAMEWORKS_DIR)",
				);
				GCC_PRECOMPILE_PREFIX_HEADER = YES;
				GCC_PREFIX_HEADER = "JKNavigationBarDemo/JKNavigationBarDemo-Prefix.pch";
				GCC_PREPROCESSOR_DEFINITIONS = (
					"DEBUG=1",
					"$(inherited)",
				);
				INFOPLIST_FILE = "JKNavigationBarDemoTests/JKNavigationBarDemoTests-Info.plist";
				PRODUCT_NAME = "$(TARGET_NAME)";
				TEST_HOST = "$(BUNDLE_LOADER)";
				WRAPPER_EXTENSION = xctest;
			};
			name = Debug;
		};
		69E98942188E01B0000D0C0C /* Release */ = {
			isa = XCBuildConfiguration;
			buildSettings = {
				ARCHS = "$(ARCHS_STANDARD_INCLUDING_64_BIT)";
				BUNDLE_LOADER = "$(BUILT_PRODUCTS_DIR)/JKNavigationBarDemo.app/JKNavigationBarDemo";
				FRAMEWORK_SEARCH_PATHS = (
					"$(SDKROOT)/Developer/Library/Frameworks",
					"$(inherited)",
					"$(DEVELOPER_FRAMEWORKS_DIR)",
				);
				GCC_PRECOMPILE_PREFIX_HEADER = YES;
				GCC_PREFIX_HEADER = "JKNavigationBarDemo/JKNavigationBarDemo-Prefix.pch";
				INFOPLIST_FILE = "JKNavigationBarDemoTests/JKNavigationBarDemoTests-Info.plist";
				PRODUCT_NAME = "$(TARGET_NAME)";
				TEST_HOST = "$(BUNDLE_LOADER)";
				WRAPPER_EXTENSION = xctest;
			};
			name = Release;
		};
/* End XCBuildConfiguration section */

/* Begin XCConfigurationList section */
		69E98903188E01B0000D0C0C /* Build configuration list for PBXProject "JKNavigationBarDemo" */ = {
			isa = XCConfigurationList;
			buildConfigurations = (
				69E9893B188E01B0000D0C0C /* Debug */,
				69E9893C188E01B0000D0C0C /* Release */,
			);
			defaultConfigurationIsVisible = 0;
			defaultConfigurationName = Release;
		};
		69E9893D188E01B0000D0C0C /* Build configuration list for PBXNativeTarget "JKNavigationBarDemo" */ = {
			isa = XCConfigurationList;
			buildConfigurations = (
				69E9893E188E01B0000D0C0C /* Debug */,
				69E9893F188E01B0000D0C0C /* Release */,
			);
			defaultConfigurationIsVisible = 0;
		};
		69E98940188E01B0000D0C0C /* Build configuration list for PBXNativeTarget "JKNavigationBarDemoTests" */ = {
			isa = XCConfigurationList;
			buildConfigurations = (
				69E98941188E01B0000D0C0C /* Debug */,
				69E98942188E01B0000D0C0C /* Release */,
			);
			defaultConfigurationIsVisible = 0;
		};
/* End XCConfigurationList section */
	};
	rootObject = 69E98900188E01B0000D0C0C /* Project object */;
}
